
Microsoft Visual Studio Solution File, Format Version 12.00
# Visual Studio Version 17
VisualStudioVersion = 17.13.35919.96 d17.13
MinimumVisualStudioVersion = 10.0.40219.1
Project("{FAE04EC0-301F-11D3-BF4B-00C04F79EFBC}") = "GeronimoNotify", "GeronimoNotify\GeronimoNotify.csproj", "{C61746A6-49E6-4C3A-9B60-FFCB106A162B}"
EndProject
Global
	GlobalSection(SolutionConfigurationPlatforms) = preSolution
		Debug|Any CPU = Debug|Any CPU
		Release|Any CPU = Release|Any CPU
	EndGlobalSection
	GlobalSection(ProjectConfigurationPlatforms) = postSolution
		{C61746A6-49E6-4C3A-9B60-FFCB106A162B}.Debug|Any CPU.ActiveCfg = Debug|Any CPU
		{C61746A6-49E6-4C3A-9B60-FFCB106A162B}.Debug|Any CPU.Build.0 = Debug|Any CPU
		{C61746A6-49E6-4C3A-9B60-FFCB106A162B}.Release|Any CPU.ActiveCfg = Release|Any CPU
		{C61746A6-49E6-4C3A-9B60-FFCB106A162B}.Release|Any CPU.Build.0 = Release|Any CPU
	EndGlobalSection
	GlobalSection(SolutionProperties) = preSolution
		HideSolutionNode = FALSE
	EndGlobalSection
	GlobalSection(ExtensibilityGlobals) = postSolution
		SolutionGuid = {54AF8112-D399-46B4-9D1E-A8A042B17CB4}
	EndGlobalSection
EndGlobal
